// !$*UTF8*$!
{
	archiveVersion = 1;
	classes = {
	};
	objectVersion = 55;
	objects = {

/* Begin PBXBuildFile section */
		DDEB720027CCE241002F82B0 /* AppDelegate.swift in Sources */ = {isa = PBXBuildFile; fileRef = DDEB71FF27CCE241002F82B0 /* AppDelegate.swift */; };
		DDEB720227CCE241002F82B0 /* SceneDelegate.swift in Sources */ = {isa = PBXBuildFile; fileRef = DDEB720127CCE241002F82B0 /* SceneDelegate.swift */; };
		DDEB720427CCE241002F82B0 /* MealViewController.swift in Sources */ = {isa = PBXBuildFile; fileRef = DDEB720327CCE241002F82B0 /* MealViewController.swift */; };
		DDEB720727CCE241002F82B0 /* Main.storyboard in Resources */ = {isa = PBXBuildFile; fileRef = DDEB720527CCE241002F82B0 /* Main.storyboard */; };
		DDEB720927CCE241002F82B0 /* Assets.xcassets in Resources */ = {isa = PBXBuildFile; fileRef = DDEB720827CCE241002F82B0 /* Assets.xcassets */; };
		DDEB720C27CCE241002F82B0 /* LaunchScreen.storyboard in Resources */ = {isa = PBXBuildFile; fileRef = DDEB720A27CCE241002F82B0 /* LaunchScreen.storyboard */; };
		DDEB721A27CCEA7A002F82B0 /* Meal.swift in Sources */ = {isa = PBXBuildFile; fileRef = DDEB721927CCEA7A002F82B0 /* Meal.swift */; };
		DDEB721E27CCEBA8002F82B0 /* DataManager.swift in Sources */ = {isa = PBXBuildFile; fileRef = DDEB721D27CCEBA8002F82B0 /* DataManager.swift */; };
		DDEB722027CCF636002F82B0 /* Extension + MealVCDataSourse.swift in Sources */ = {isa = PBXBuildFile; fileRef = DDEB721F27CCF636002F82B0 /* Extension + MealVCDataSourse.swift */; };
		DDEB722227CCF77D002F82B0 /* CellController.swift in Sources */ = {isa = PBXBuildFile; fileRef = DDEB722127CCF77D002F82B0 /* CellController.swift */; };
		DDEB722427CD04DF002F82B0 /* MealDetailViewController.swift in Sources */ = {isa = PBXBuildFile; fileRef = DDEB722327CD04DF002F82B0 /* MealDetailViewController.swift */; };
		DDEB722627CD07F6002F82B0 /* Extension + MealDetailVC.swift in Sources */ = {isa = PBXBuildFile; fileRef = DDEB722527CD07F6002F82B0 /* Extension + MealDetailVC.swift */; };
		DDEB722827CD0CD5002F82B0 /* Extention + MealVCPrepare.swift in Sources */ = {isa = PBXBuildFile; fileRef = DDEB722727CD0CD5002F82B0 /* Extention + MealVCPrepare.swift */; };
/* End PBXBuildFile section */

/* Begin PBXFileReference section */
		DDEB71FC27CCE241002F82B0 /* MVC Exampel.app */ = {isa = PBXFileReference; explicitFileType = wrapper.application; includeInIndex = 0; path = "MVC Exampel.app"; sourceTree = BUILT_PRODUCTS_DIR; };
		DDEB71FF27CCE241002F82B0 /* AppDelegate.swift */ = {isa = PBXFileReference; lastKnownFileType = sourcecode.swift; path = AppDelegate.swift; sourceTree = "<group>"; };
		DDEB720127CCE241002F82B0 /* SceneDelegate.swift */ = {isa = PBXFileReference; lastKnownFileType = sourcecode.swift; path = SceneDelegate.swift; sourceTree = "<group>"; };
		DDEB720327CCE241002F82B0 /* MealViewController.swift */ = {isa = PBXFileReference; lastKnownFileType = sourcecode.swift; path = MealViewController.swift; sourceTree = "<group>"; };
		DDEB720627CCE241002F82B0 /* Base */ = {isa = PBXFileReference; lastKnownFileType = file.storyboard; name = Base; path = Base.lproj/Main.storyboard; sourceTree = "<group>"; };
		DDEB720827CCE241002F82B0 /* Assets.xcassets */ = {isa = PBXFileReference; lastKnownFileType = folder.assetcatalog; path = Assets.xcassets; sourceTree = "<group>"; };
		DDEB720B27CCE241002F82B0 /* Base */ = {isa = PBXFileReference; lastKnownFileType = file.storyboard; name = Base; path = Base.lproj/LaunchScreen.storyboard; sourceTree = "<group>"; };
		DDEB720D27CCE241002F82B0 /* Info.plist */ = {isa = PBXFileReference; lastKnownFileType = text.plist.xml; path = Info.plist; sourceTree = "<group>"; };
		DDEB721927CCEA7A002F82B0 /* Meal.swift */ = {isa = PBXFileReference; lastKnownFileType = sourcecode.swift; path = Meal.swift; sourceTree = "<group>"; };
		DDEB721D27CCEBA8002F82B0 /* DataManager.swift */ = {isa = PBXFileReference; lastKnownFileType = sourcecode.swift; path = DataManager.swift; sourceTree = "<group>"; };
		DDEB721F27CCF636002F82B0 /* Extension + MealVCDataSourse.swift */ = {isa = PBXFileReference; lastKnownFileType = sourcecode.swift; path = "Extension + MealVCDataSourse.swift"; sourceTree = "<group>"; };
		DDEB722127CCF77D002F82B0 /* CellController.swift */ = {isa = PBXFileReference; lastKnownFileType = sourcecode.swift; path = CellController.swift; sourceTree = "<group>"; };
		DDEB722327CD04DF002F82B0 /* MealDetailViewController.swift */ = {isa = PBXFileReference; lastKnownFileType = sourcecode.swift; path = MealDetailViewController.swift; sourceTree = "<group>"; };
		DDEB722527CD07F6002F82B0 /* Extension + MealDetailVC.swift */ = {isa = PBXFileReference; lastKnownFileType = sourcecode.swift; path = "Extension + MealDetailVC.swift"; sourceTree = "<group>"; };
		DDEB722727CD0CD5002F82B0 /* Extention + MealVCPrepare.swift */ = {isa = PBXFileReference; lastKnownFileType = sourcecode.swift; path = "Extention + MealVCPrepare.swift"; sourceTree = "<group>"; };
/* End PBXFileReference section */

/* Begin PBXFrameworksBuildPhase section */
		DDEB71F927CCE241002F82B0 /* Frameworks */ = {
			isa = PBXFrameworksBuildPhase;
			buildActionMask = 2147483647;
			files = (
			);
			runOnlyForDeploymentPostprocessing = 0;
		};
/* End PBXFrameworksBuildPhase section */

/* Begin PBXGroup section */
		DDEB71F327CCE241002F82B0 = {
			isa = PBXGroup;
			children = (
				DDEB71FE27CCE241002F82B0 /* MVC Exampel */,
				DDEB71FD27CCE241002F82B0 /* Products */,
			);
			sourceTree = "<group>";
		};
		DDEB71FD27CCE241002F82B0 /* Products */ = {
			isa = PBXGroup;
			children = (
				DDEB71FC27CCE241002F82B0 /* MVC Exampel.app */,
			);
			name = Products;
			sourceTree = "<group>";
		};
		DDEB71FE27CCE241002F82B0 /* MVC Exampel */ = {
			isa = PBXGroup;
			children = (
				DDEB720D27CCE241002F82B0 /* Info.plist */,
				DDEB721727CCE73D002F82B0 /* Models */,
				DDEB721427CCE2DE002F82B0 /* View Controllers */,
				DDEB721827CCE74D002F82B0 /* Helpers */,
				DDEB721527CCE69D002F82B0 /* Storyboards */,
				DDEB721627CCE71E002F82B0 /* Resources */,
				DDEB721327CCE29C002F82B0 /* App */,
			);
			path = "MVC Exampel";
			sourceTree = "<group>";
		};
		DDEB721327CCE29C002F82B0 /* App */ = {
			isa = PBXGroup;
			children = (
				DDEB71FF27CCE241002F82B0 /* AppDelegate.swift */,
				DDEB720127CCE241002F82B0 /* SceneDelegate.swift */,
			);
			path = App;
			sourceTree = "<group>";
		};
		DDEB721427CCE2DE002F82B0 /* View Controllers */ = {
			isa = PBXGroup;
			children = (
				DDEB722927CD0D5E002F82B0 /* 1_VC */,
				DDEB722A27CD0D74002F82B0 /* 2_VC */,
			);
			path = "View Controllers";
			sourceTree = "<group>";
		};
		DDEB721527CCE69D002F82B0 /* Storyboards */ = {
			isa = PBXGroup;
			children = (
				DDEB720527CCE241002F82B0 /* Main.storyboard */,
				DDEB720A27CCE241002F82B0 /* LaunchScreen.storyboard */,
			);
			path = Storyboards;
			sourceTree = "<group>";
		};
		DDEB721627CCE71E002F82B0 /* Resources */ = {
			isa = PBXGroup;
			children = (
				DDEB720827CCE241002F82B0 /* Assets.xcassets */,
			);
			path = Resources;
			sourceTree = "<group>";
		};
		DDEB721727CCE73D002F82B0 /* Models */ = {
			isa = PBXGroup;
			children = (
				DDEB721927CCEA7A002F82B0 /* Meal.swift */,
			);
			path = Models;
			sourceTree = "<group>";
		};
		DDEB721827CCE74D002F82B0 /* Helpers */ = {
			isa = PBXGroup;
			children = (
				DDEB721D27CCEBA8002F82B0 /* DataManager.swift */,
				DDEB722127CCF77D002F82B0 /* CellController.swift */,
			);
			path = Helpers;
			sourceTree = "<group>";
		};
		DDEB722927CD0D5E002F82B0 /* 1_VC */ = {
			isa = PBXGroup;
			children = (
				DDEB720327CCE241002F82B0 /* MealViewController.swift */,
				DDEB722727CD0CD5002F82B0 /* Extention + MealVCPrepare.swift */,
				DDEB721F27CCF636002F82B0 /* Extension + MealVCDataSourse.swift */,
			);
			path = 1_VC;
			sourceTree = "<group>";
		};
		DDEB722A27CD0D74002F82B0 /* 2_VC */ = {
			isa = PBXGroup;
			children = (
				DDEB722327CD04DF002F82B0 /* MealDetailViewController.swift */,
				DDEB722527CD07F6002F82B0 /* Extension + MealDetailVC.swift */,
			);
			path = 2_VC;
			sourceTree = "<group>";
		};
/* End PBXGroup section */

/* Begin PBXNativeTarget section */
		DDEB71FB27CCE241002F82B0 /* MVC Exampel */ = {
			isa = PBXNativeTarget;
			buildConfigurationList = DDEB721027CCE241002F82B0 /* Build configuration list for PBXNativeTarget "MVC Exampel" */;
			buildPhases = (
				DDEB71F827CCE241002F82B0 /* Sources */,
				DDEB71F927CCE241002F82B0 /* Frameworks */,
				DDEB71FA27CCE241002F82B0 /* Resources */,
			);
			buildRules = (
			);
			dependencies = (
			);
			name = "MVC Exampel";
			productName = "MVC Exampel";
			productReference = DDEB71FC27CCE241002F82B0 /* MVC Exampel.app */;
			productType = "com.apple.product-type.application";
		};
/* End PBXNativeTarget section */

/* Begin PBXProject section */
		DDEB71F427CCE241002F82B0 /* Project object */ = {
			isa = PBXProject;
			attributes = {
				BuildIndependentTargetsInParallel = 1;
				LastSwiftUpdateCheck = 1320;
				LastUpgradeCheck = 1320;
				TargetAttributes = {
					DDEB71FB27CCE241002F82B0 = {
						CreatedOnToolsVersion = 13.2.1;
					};
				};
			};
			buildConfigurationList = DDEB71F727CCE241002F82B0 /* Build configuration list for PBXProject "MVC Exampel" */;
			compatibilityVersion = "Xcode 13.0";
			developmentRegion = en;
			hasScannedForEncodings = 0;
			knownRegions = (
				en,
				Base,
			);
			mainGroup = DDEB71F327CCE241002F82B0;
			productRefGroup = DDEB71FD27CCE241002F82B0 /* Products */;
			projectDirPath = "";
			projectRoot = "";
			targets = (
				DDEB71FB27CCE241002F82B0 /* MVC Exampel */,
			);
		};
/* End PBXProject section */

/* Begin PBXResourcesBuildPhase section */
		DDEB71FA27CCE241002F82B0 /* Resources */ = {
			isa = PBXResourcesBuildPhase;
			buildActionMask = 2147483647;
			files = (
				DDEB720C27CCE241002F82B0 /* LaunchScreen.storyboard in Resources */,
				DDEB720927CCE241002F82B0 /* Assets.xcassets in Resources */,
				DDEB720727CCE241002F82B0 /* Main.storyboard in Resources */,
			);
			runOnlyForDeploymentPostprocessing = 0;
		};
/* End PBXResourcesBuildPhase section */

/* Begin PBXSourcesBuildPhase section */
		DDEB71F827CCE241002F82B0 /* Sources */ = {
			isa = PBXSourcesBuildPhase;
			buildActionMask = 2147483647;
			files = (
				DDEB722227CCF77D002F82B0 /* CellController.swift in Sources */,
				DDEB722027CCF636002F82B0 /* Extension + MealVCDataSourse.swift in Sources */,
				DDEB722427CD04DF002F82B0 /* MealDetailViewController.swift in Sources */,
				DDEB720427CCE241002F82B0 /* MealViewController.swift in Sources */,
				DDEB721E27CCEBA8002F82B0 /* DataManager.swift in Sources */,
				DDEB721A27CCEA7A002F82B0 /* Meal.swift in Sources */,
				DDEB722827CD0CD5002F82B0 /* Extention + MealVCPrepare.swift in Sources */,
				DDEB720027CCE241002F82B0 /* AppDelegate.swift in Sources */,
				DDEB720227CCE241002F82B0 /* SceneDelegate.swift in Sources */,
				DDEB722627CD07F6002F82B0 /* Extension + MealDetailVC.swift in Sources */,
			);
			runOnlyForDeploymentPostprocessing = 0;
		};
/* End PBXSourcesBuildPhase section */

/* Begin PBXVariantGroup section */
		DDEB720527CCE241002F82B0 /* Main.storyboard */ = {
			isa = PBXVariantGroup;
			children = (
				DDEB720627CCE241002F82B0 /* Base */,
			);
			name = Main.storyboard;
			sourceTree = "<group>";
		};
		DDEB720A27CCE241002F82B0 /* LaunchScreen.storyboard */ = {
			isa = PBXVariantGroup;
			children = (
				DDEB720B27CCE241002F82B0 /* Base */,
			);
			name = LaunchScreen.storyboard;
			sourceTree = "<group>";
		};
/* End PBXVariantGroup section */

/* Begin XCBuildConfiguration section */
		DDEB720E27CCE241002F82B0 /* Debug */ = {
			isa = XCBuildConfiguration;
			buildSettings = {
				ALWAYS_SEARCH_USER_PATHS = NO;
				CLANG_ANALYZER_NONNULL = YES;
				CLANG_ANALYZER_NUMBER_OBJECT_CONVERSION = YES_AGGRESSIVE;
				CLANG_CXX_LANGUAGE_STANDARD = "gnu++17";
				CLANG_CXX_LIBRARY = "libc++";
				CLANG_ENABLE_MODULES = YES;
				CLANG_ENABLE_OBJC_ARC = YES;
				CLANG_ENABLE_OBJC_WEAK = YES;
				CLANG_WARN_BLOCK_CAPTURE_AUTORELEASING = YES;
				CLANG_WARN_BOOL_CONVERSION = YES;
				CLANG_WARN_COMMA = YES;
				CLANG_WARN_CONSTANT_CONVERSION = YES;
				CLANG_WARN_DEPRECATED_OBJC_IMPLEMENTATIONS = YES;
				CLANG_WARN_DIRECT_OBJC_ISA_USAGE = YES_ERROR;
				CLANG_WARN_DOCUMENTATION_COMMENTS = YES;
				CLANG_WARN_EMPTY_BODY = YES;
				CLANG_WARN_ENUM_CONVERSION = YES;
				CLANG_WARN_INFINITE_RECURSION = YES;
				CLANG_WARN_INT_CONVERSION = YES;
				CLANG_WARN_NON_LITERAL_NULL_CONVERSION = YES;
				CLANG_WARN_OBJC_IMPLICIT_RETAIN_SELF = YES;
				CLANG_WARN_OBJC_LITERAL_CONVERSION = YES;
				CLANG_WARN_OBJC_ROOT_CLASS = YES_ERROR;
				CLANG_WARN_QUOTED_INCLUDE_IN_FRAMEWORK_HEADER = YES;
				CLANG_WARN_RANGE_LOOP_ANALYSIS = YES;
				CLANG_WARN_STRICT_PROTOTYPES = YES;
				CLANG_WARN_SUSPICIOUS_MOVE = YES;
				CLANG_WARN_UNGUARDED_AVAILABILITY = YES_AGGRESSIVE;
				CLANG_WARN_UNREACHABLE_CODE = YES;
				CLANG_WARN__DUPLICATE_METHOD_MATCH = YES;
				COPY_PHASE_STRIP = NO;
				DEBUG_INFORMATION_FORMAT = dwarf;
				ENABLE_STRICT_OBJC_MSGSEND = YES;
				ENABLE_TESTABILITY = YES;
				GCC_C_LANGUAGE_STANDARD = gnu11;
				GCC_DYNAMIC_NO_PIC = NO;
				GCC_NO_COMMON_BLOCKS = YES;
				GCC_OPTIMIZATION_LEVEL = 0;
				GCC_PREPROCESSOR_DEFINITIONS = (
					"DEBUG=1",
					"$(inherited)",
				);
				GCC_WARN_64_TO_32_BIT_CONVERSION = YES;
				GCC_WARN_ABOUT_RETURN_TYPE = YES_ERROR;
				GCC_WARN_UNDECLARED_SELECTOR = YES;
				GCC_WARN_UNINITIALIZED_AUTOS = YES_AGGRESSIVE;
				GCC_WARN_UNUSED_FUNCTION = YES;
				GCC_WARN_UNUSED_VARIABLE = YES;
				IPHONEOS_DEPLOYMENT_TARGET = 15.2;
				MTL_ENABLE_DEBUG_INFO = INCLUDE_SOURCE;
				MTL_FAST_MATH = YES;
				ONLY_ACTIVE_ARCH = YES;
				SDKROOT = iphoneos;
				SWIFT_ACTIVE_COMPILATION_CONDITIONS = DEBUG;
				SWIFT_OPTIMIZATION_LEVEL = "-Onone";
			};
			name = Debug;
		};
		DDEB720F27CCE241002F82B0 /* Release */ = {
			isa = XCBuildConfiguration;
			buildSettings = {
				ALWAYS_SEARCH_USER_PATHS = NO;
				CLANG_ANALYZER_NONNULL = YES;
				CLANG_ANALYZER_NUMBER_OBJECT_CONVERSION = YES_AGGRESSIVE;
				CLANG_CXX_LANGUAGE_STANDARD = "gnu++17";
				CLANG_CXX_LIBRARY = "libc++";
				CLANG_ENABLE_MODULES = YES;
				CLANG_ENABLE_OBJC_ARC = YES;
				CLANG_ENABLE_OBJC_WEAK = YES;
				CLANG_WARN_BLOCK_CAPTURE_AUTORELEASING = YES;
				CLANG_WARN_BOOL_CONVERSION = YES;
				CLANG_WARN_COMMA = YES;
				CLANG_WARN_CONSTANT_CONVERSION = YES;
				CLANG_WARN_DEPRECATED_OBJC_IMPLEMENTATIONS = YES;
				CLANG_WARN_DIRECT_OBJC_ISA_USAGE = YES_ERROR;
				CLANG_WARN_DOCUMENTATION_COMMENTS = YES;
				CLANG_WARN_EMPTY_BODY = YES;
				CLANG_WARN_ENUM_CONVERSION = YES;
				CLANG_WARN_INFINITE_RECURSION = YES;
				CLANG_WARN_INT_CONVERSION = YES;
				CLANG_WARN_NON_LITERAL_NULL_CONVERSION = YES;
				CLANG_WARN_OBJC_IMPLICIT_RETAIN_SELF = YES;
				CLANG_WARN_OBJC_LITERAL_CONVERSION = YES;
				CLANG_WARN_OBJC_ROOT_CLASS = YES_ERROR;
				CLANG_WARN_QUOTED_INCLUDE_IN_FRAMEWORK_HEADER = YES;
				CLANG_WARN_RANGE_LOOP_ANALYSIS = YES;
				CLANG_WARN_STRICT_PROTOTYPES = YES;
				CLANG_WARN_SUSPICIOUS_MOVE = YES;
				CLANG_WARN_UNGUARDED_AVAILABILITY = YES_AGGRESSIVE;
				CLANG_WARN_UNREACHABLE_CODE = YES;
				CLANG_WARN__DUPLICATE_METHOD_MATCH = YES;
				COPY_PHASE_STRIP = NO;
				DEBUG_INFORMATION_FORMAT = "dwarf-with-dsym";
				ENABLE_NS_ASSERTIONS = NO;
				ENABLE_STRICT_OBJC_MSGSEND = YES;
				GCC_C_LANGUAGE_STANDARD = gnu11;
				GCC_NO_COMMON_BLOCKS = YES;
				GCC_WARN_64_TO_32_BIT_CONVERSION = YES;
				GCC_WARN_ABOUT_RETURN_TYPE = YES_ERROR;
				GCC_WARN_UNDECLARED_SELECTOR = YES;
				GCC_WARN_UNINITIALIZED_AUTOS = YES_AGGRESSIVE;
				GCC_WARN_UNUSED_FUNCTION = YES;
				GCC_WARN_UNUSED_VARIABLE = YES;
				IPHONEOS_DEPLOYMENT_TARGET = 15.2;
				MTL_ENABLE_DEBUG_INFO = NO;
				MTL_FAST_MATH = YES;
				SDKROOT = iphoneos;
				SWIFT_COMPILATION_MODE = wholemodule;
				SWIFT_OPTIMIZATION_LEVEL = "-O";
				VALIDATE_PRODUCT = YES;
			};
			name = Release;
		};
		DDEB721127CCE241002F82B0 /* Debug */ = {
			isa = XCBuildConfiguration;
			buildSettings = {
				ASSETCATALOG_COMPILER_APPICON_NAME = AppIcon;
				ASSETCATALOG_COMPILER_GLOBAL_ACCENT_COLOR_NAME = AccentColor;
				CODE_SIGN_STYLE = Automatic;
				CURRENT_PROJECT_VERSION = 1;
				DEVELOPMENT_TEAM = BN87K5QK52;
				GENERATE_INFOPLIST_FILE = YES;
				INFOPLIST_FILE = "MVC Exampel/Info.plist";
				INFOPLIST_KEY_UIApplicationSupportsIndirectInputEvents = YES;
				INFOPLIST_KEY_UILaunchStoryboardName = LaunchScreen;
				INFOPLIST_KEY_UIMainStoryboardFile = Main;
				INFOPLIST_KEY_UISupportedInterfaceOrientations_iPad = "UIInterfaceOrientationPortrait UIInterfaceOrientationPortraitUpsideDown UIInterfaceOrientationLandscapeLeft UIInterfaceOrientationLandscapeRight";
				INFOPLIST_KEY_UISupportedInterfaceOrientations_iPhone = "UIInterfaceOrientationPortrait UIInterfaceOrientationLandscapeLeft UIInterfaceOrientationLandscapeRight";
				LD_RUNPATH_SEARCH_PATHS = (
					"$(inherited)",
					"@executable_path/Frameworks",
				);
				MARKETING_VERSION = 1.0;
				PRODUCT_BUNDLE_IDENTIFIER = "HG.MVC-Exampel";
				PRODUCT_NAME = "$(TARGET_NAME)";
				SWIFT_EMIT_LOC_STRINGS = YES;
				SWIFT_VERSION = 5.0;
				TARGETED_DEVICE_FAMILY = "1,2";
			};
			name = Debug;
		};
		DDEB721227CCE241002F82B0 /* Release */ = {
			isa = XCBuildConfiguration;
			buildSettings = {
				ASSETCATALOG_COMPILER_APPICON_NAME = AppIcon;
				ASSETCATALOG_COMPILER_GLOBAL_ACCENT_COLOR_NAME = AccentColor;
				CODE_SIGN_STYLE = Automatic;
				CURRENT_PROJECT_VERSION = 1;
				DEVELOPMENT_TEAM = BN87K5QK52;
				GENERATE_INFOPLIST_FILE = YES;
				INFOPLIST_FILE = "MVC Exampel/Info.plist";
				INFOPLIST_KEY_UIApplicationSupportsIndirectInputEvents = YES;
				INFOPLIST_KEY_UILaunchStoryboardName = LaunchScreen;
				INFOPLIST_KEY_UIMainStoryboardFile = Main;
				INFOPLIST_KEY_UISupportedInterfaceOrientations_iPad = "UIInterfaceOrientationPortrait UIInterfaceOrientationPortraitUpsideDown UIInterfaceOrientationLandscapeLeft UIInterfaceOrientationLandscapeRight";
				INFOPLIST_KEY_UISupportedInterfaceOrientations_iPhone = "UIInterfaceOrientationPortrait UIInterfaceOrientationLandscapeLeft UIInterfaceOrientationLandscapeRight";
				LD_RUNPATH_SEARCH_PATHS = (
					"$(inherited)",
					"@executable_path/Frameworks",
				);
				MARKETING_VERSION = 1.0;
				PRODUCT_BUNDLE_IDENTIFIER = "HG.MVC-Exampel";
				PRODUCT_NAME = "$(TARGET_NAME)";
				SWIFT_EMIT_LOC_STRINGS = YES;
				SWIFT_VERSION = 5.0;
				TARGETED_DEVICE_FAMILY = "1,2";
			};
			name = Release;
		};
/* End XCBuildConfiguration section */

/* Begin XCConfigurationList section */
		DDEB71F727CCE241002F82B0 /* Build configuration list for PBXProject "MVC Exampel" */ = {
			isa = XCConfigurationList;
			buildConfigurations = (
				DDEB720E27CCE241002F82B0 /* Debug */,
				DDEB720F27CCE241002F82B0 /* Release */,
			);
			defaultConfigurationIsVisible = 0;
			defaultConfigurationName = Release;
		};
		DDEB721027CCE241002F82B0 /* Build configuration list for PBXNativeTarget "MVC Exampel" */ = {
			isa = XCConfigurationList;
			buildConfigurations = (
				DDEB721127CCE241002F82B0 /* Debug */,
				DDEB721227CCE241002F82B0 /* Release */,
			);
			defaultConfigurationIsVisible = 0;
			defaultConfigurationName = Release;
		};
/* End XCConfigurationList section */
	};
	rootObject = DDEB71F427CCE241002F82B0 /* Project object */;
}
